// !$*UTF8*$!
{
	archiveVersion = 1;
	classes = {
	};
	objectVersion = 55;
	objects = {

/* Begin PBXBuildFile section */
		80076A7129EC3D360045ADD9 /* Sudoku.swift in Sources */ = {isa = PBXBuildFile; fileRef = 80076A7029EC3D360045ADD9 /* Sudoku.swift */; };
		80179F8A29DA8F89006C58B8 /* FirebaseAuth in Frameworks */ = {isa = PBXBuildFile; productRef = 80179F8929DA8F89006C58B8 /* FirebaseAuth */; };
		80179F8C29DA8F89006C58B8 /* FirebaseDatabase in Frameworks */ = {isa = PBXBuildFile; productRef = 80179F8B29DA8F89006C58B8 /* FirebaseDatabase */; };
		80179F8E29DA8F89006C58B8 /* FirebaseFirestore in Frameworks */ = {isa = PBXBuildFile; productRef = 80179F8D29DA8F89006C58B8 /* FirebaseFirestore */; };
		80179F9029DA8F89006C58B8 /* FirebaseFirestoreCombine-Community in Frameworks */ = {isa = PBXBuildFile; productRef = 80179F8F29DA8F89006C58B8 /* FirebaseFirestoreCombine-Community */; };
		80179F9229DA8F89006C58B8 /* FirebaseFirestoreSwift in Frameworks */ = {isa = PBXBuildFile; productRef = 80179F9129DA8F89006C58B8 /* FirebaseFirestoreSwift */; };
		80179F9429DA8F89006C58B8 /* FirebaseFunctions in Frameworks */ = {isa = PBXBuildFile; productRef = 80179F9329DA8F89006C58B8 /* FirebaseFunctions */; };
		80179F9629DA8F89006C58B8 /* FirebaseInstallations in Frameworks */ = {isa = PBXBuildFile; productRef = 80179F9529DA8F89006C58B8 /* FirebaseInstallations */; };
		80179F9829DA8F89006C58B8 /* FirebaseRemoteConfig in Frameworks */ = {isa = PBXBuildFile; productRef = 80179F9729DA8F89006C58B8 /* FirebaseRemoteConfig */; };
		80179F9A29DA8F89006C58B8 /* FirebaseRemoteConfigSwift in Frameworks */ = {isa = PBXBuildFile; productRef = 80179F9929DA8F89006C58B8 /* FirebaseRemoteConfigSwift */; };
		80179F9C29DA8F89006C58B8 /* FirebaseStorage in Frameworks */ = {isa = PBXBuildFile; productRef = 80179F9B29DA8F89006C58B8 /* FirebaseStorage */; };
		801CD9D829ED9D0000DD081F /* ProfileViewController.swift in Sources */ = {isa = PBXBuildFile; fileRef = 801CD9D729ED9D0000DD081F /* ProfileViewController.swift */; };
		801CD9DA29EDAD5700DD081F /* Profile.swift in Sources */ = {isa = PBXBuildFile; fileRef = 801CD9D929EDAD5700DD081F /* Profile.swift */; };
		801CD9DC29EDB20500DD081F /* FourInARowData.swift in Sources */ = {isa = PBXBuildFile; fileRef = 801CD9DB29EDB20500DD081F /* FourInARowData.swift */; };
		801CD9DE29EDB2B700DD081F /* Extension.swift in Sources */ = {isa = PBXBuildFile; fileRef = 801CD9DD29EDB2B700DD081F /* Extension.swift */; };
		802F068329C83C6E0057CEE4 /* SudokuCell.swift in Sources */ = {isa = PBXBuildFile; fileRef = 802F068229C83C6E0057CEE4 /* SudokuCell.swift */; };
		80419EF329EF22EF00911791 /* SudokuCollectionView.swift in Sources */ = {isa = PBXBuildFile; fileRef = 80419EF229EF22EF00911791 /* SudokuCollectionView.swift */; };
		80419EF529F06BFC00911791 /* DetailedTTTViewController.swift in Sources */ = {isa = PBXBuildFile; fileRef = 80419EF429F06BFC00911791 /* DetailedTTTViewController.swift */; };
		8043605229F43C820089CABF /* DetailedC4ViewController.swift in Sources */ = {isa = PBXBuildFile; fileRef = 8043605129F43C820089CABF /* DetailedC4ViewController.swift */; };
		8058296129A302D3000C76BE /* SudokuViewController.swift in Sources */ = {isa = PBXBuildFile; fileRef = 8058296029A302D3000C76BE /* SudokuViewController.swift */; };
		8058296329A302E1000C76BE /* TicTacToeViewController.swift in Sources */ = {isa = PBXBuildFile; fileRef = 8058296229A302E1000C76BE /* TicTacToeViewController.swift */; };
		80814CA929A55315001D53E6 /* FourInARowViewController.swift in Sources */ = {isa = PBXBuildFile; fileRef = 80814CA829A55315001D53E6 /* FourInARowViewController.swift */; };
		80814CAB29A5531F001D53E6 /* BoardCell.swift in Sources */ = {isa = PBXBuildFile; fileRef = 80814CAA29A5531F001D53E6 /* BoardCell.swift */; };
		80814CAD29A55691001D53E6 /* Board.swift in Sources */ = {isa = PBXBuildFile; fileRef = 80814CAC29A55691001D53E6 /* Board.swift */; };
		80814CAF29A556B6001D53E6 /* BoardItem.swift in Sources */ = {isa = PBXBuildFile; fileRef = 80814CAE29A556B6001D53E6 /* BoardItem.swift */; };
		80814CB129A55811001D53E6 /* Turn.swift in Sources */ = {isa = PBXBuildFile; fileRef = 80814CB029A55811001D53E6 /* Turn.swift */; };
		80814CB429A6AA30001D53E6 /* CameraViewController.swift in Sources */ = {isa = PBXBuildFile; fileRef = 80814CB329A6AA30001D53E6 /* CameraViewController.swift */; };
		80AB957E29AC969B0015FCAA /* TicTacToeTurn.swift in Sources */ = {isa = PBXBuildFile; fileRef = 80AB957D29AC969B0015FCAA /* TicTacToeTurn.swift */; };
		80B4595B29AC09A200CD0EBE /* AuthenticationViewController.swift in Sources */ = {isa = PBXBuildFile; fileRef = 80B4595A29AC09A200CD0EBE /* AuthenticationViewController.swift */; };
		80B4595F29AC148700CD0EBE /* GoogleService-Info.plist in Resources */ = {isa = PBXBuildFile; fileRef = 80B4595E29AC148700CD0EBE /* GoogleService-Info.plist */; };
		80B4596229AC304400CD0EBE /* AnalysisViewController.swift in Sources */ = {isa = PBXBuildFile; fileRef = 80B4596129AC304400CD0EBE /* AnalysisViewController.swift */; };
		80BC469B29D1597C001B89CB /* sudokuimage.jpeg in Resources */ = {isa = PBXBuildFile; fileRef = 80BC469A29D1597C001B89CB /* sudokuimage.jpeg */; };
		80BC469D29D16A38001B89CB /* tictactoe.jpeg in Resources */ = {isa = PBXBuildFile; fileRef = 80BC469C29D16A38001B89CB /* tictactoe.jpeg */; };
		80C3BB4929C7CEB300A38C02 /* AI.swift in Sources */ = {isa = PBXBuildFile; fileRef = 80C3BB4829C7CEB300A38C02 /* AI.swift */; };
		80CB3D3C29EE1C9200D4A54A /* DetailedSudokuViewController.swift in Sources */ = {isa = PBXBuildFile; fileRef = 80CB3D3B29EE1C9200D4A54A /* DetailedSudokuViewController.swift */; };
		80D6E7BC29A6BA360098541A /* ScanViewController.swift in Sources */ = {isa = PBXBuildFile; fileRef = 80D6E7BB29A6BA360098541A /* ScanViewController.swift */; };
		80D6E7BE29A6CB380098541A /* GameSelectionViewController.swift in Sources */ = {isa = PBXBuildFile; fileRef = 80D6E7BD29A6CB380098541A /* GameSelectionViewController.swift */; };
		80E6B09229F5A4D500772542 /* Launch Screen.storyboard in Resources */ = {isa = PBXBuildFile; fileRef = 80E6B09129F5A4D500772542 /* Launch Screen.storyboard */; };
		80E7047F29F5959D00AAF07B /* GomokuExtension.swift in Sources */ = {isa = PBXBuildFile; fileRef = 80E7047E29F5959D00AAF07B /* GomokuExtension.swift */; };
		80EF285329EC63BB00308024 /* RetrieveAnalysis.swift in Sources */ = {isa = PBXBuildFile; fileRef = 80EF285229EC63BB00308024 /* RetrieveAnalysis.swift */; };
		E56184B629906C39003E2B05 /* AppDelegate.swift in Sources */ = {isa = PBXBuildFile; fileRef = E56184B529906C39003E2B05 /* AppDelegate.swift */; };
		E56184B829906C39003E2B05 /* SceneDelegate.swift in Sources */ = {isa = PBXBuildFile; fileRef = E56184B729906C39003E2B05 /* SceneDelegate.swift */; };
		E56184BA29906C39003E2B05 /* ViewController.swift in Sources */ = {isa = PBXBuildFile; fileRef = E56184B929906C39003E2B05 /* ViewController.swift */; };
		E56184BD29906C39003E2B05 /* Main.storyboard in Resources */ = {isa = PBXBuildFile; fileRef = E56184BB29906C39003E2B05 /* Main.storyboard */; };
		E56184BF29906C3B003E2B05 /* Assets.xcassets in Resources */ = {isa = PBXBuildFile; fileRef = E56184BE29906C3B003E2B05 /* Assets.xcassets */; };
		E56184CD29906C3C003E2B05 /* AI_GamesTests.swift in Sources */ = {isa = PBXBuildFile; fileRef = E56184CC29906C3C003E2B05 /* AI_GamesTests.swift */; };
		E56184D729906C3C003E2B05 /* AI_GamesUITests.swift in Sources */ = {isa = PBXBuildFile; fileRef = E56184D629906C3C003E2B05 /* AI_GamesUITests.swift */; };
		E56184D929906C3C003E2B05 /* AI_GamesUITestsLaunchTests.swift in Sources */ = {isa = PBXBuildFile; fileRef = E56184D829906C3C003E2B05 /* AI_GamesUITestsLaunchTests.swift */; };
		E59F7E9C29C8B325002F4C1E /* GomokuViewController.swift in Sources */ = {isa = PBXBuildFile; fileRef = E59F7E9B29C8B325002F4C1E /* GomokuViewController.swift */; };
		E59F8D0229EDAC3700B92812 /* GomokuHeuristics.swift in Sources */ = {isa = PBXBuildFile; fileRef = E59F8D0129EDAC3700B92812 /* GomokuHeuristics.swift */; };
		E5A1F27A29C94BD400AE1834 /* GomokuCell.swift in Sources */ = {isa = PBXBuildFile; fileRef = E5A1F27929C94BD400AE1834 /* GomokuCell.swift */; };
		E5A6400C29C8579100276B68 /* GomokuAI.swift in Sources */ = {isa = PBXBuildFile; fileRef = E5A6400B29C8579100276B68 /* GomokuAI.swift */; };
		E5A6400E29C857A500276B68 /* GomokuGameState.swift in Sources */ = {isa = PBXBuildFile; fileRef = E5A6400D29C857A500276B68 /* GomokuGameState.swift */; };
		E5BE501829AFBA47005849BF /* TicTacToeAI.swift in Sources */ = {isa = PBXBuildFile; fileRef = E5BE501729AFBA47005849BF /* TicTacToeAI.swift */; };
		E5BE501A29AFC019005849BF /* TicTacToeGameState.swift in Sources */ = {isa = PBXBuildFile; fileRef = E5BE501929AFC019005849BF /* TicTacToeGameState.swift */; };
/* End PBXBuildFile section */

/* Begin PBXContainerItemProxy section */
		E56184C929906C3C003E2B05 /* PBXContainerItemProxy */ = {
			isa = PBXContainerItemProxy;
			containerPortal = E56184AA29906C39003E2B05 /* Project object */;
			proxyType = 1;
			remoteGlobalIDString = E56184B129906C39003E2B05;
			remoteInfo = "AI Games";
		};
		E56184D329906C3C003E2B05 /* PBXContainerItemProxy */ = {
			isa = PBXContainerItemProxy;
			containerPortal = E56184AA29906C39003E2B05 /* Project object */;
			proxyType = 1;
			remoteGlobalIDString = E56184B129906C39003E2B05;
			remoteInfo = "AI Games";
		};
/* End PBXContainerItemProxy section */

/* Begin PBXFileReference section */
		80076A7029EC3D360045ADD9 /* Sudoku.swift */ = {isa = PBXFileReference; lastKnownFileType = sourcecode.swift; path = Sudoku.swift; sourceTree = "<group>"; };
		801CD9D729ED9D0000DD081F /* ProfileViewController.swift */ = {isa = PBXFileReference; lastKnownFileType = sourcecode.swift; path = ProfileViewController.swift; sourceTree = "<group>"; };
		801CD9D929EDAD5700DD081F /* Profile.swift */ = {isa = PBXFileReference; lastKnownFileType = sourcecode.swift; path = Profile.swift; sourceTree = "<group>"; };
		801CD9DB29EDB20500DD081F /* FourInARowData.swift */ = {isa = PBXFileReference; lastKnownFileType = sourcecode.swift; path = FourInARowData.swift; sourceTree = "<group>"; };
		801CD9DD29EDB2B700DD081F /* Extension.swift */ = {isa = PBXFileReference; lastKnownFileType = sourcecode.swift; path = Extension.swift; sourceTree = "<group>"; };
		802F068229C83C6E0057CEE4 /* SudokuCell.swift */ = {isa = PBXFileReference; lastKnownFileType = sourcecode.swift; path = SudokuCell.swift; sourceTree = "<group>"; };
		80419EF229EF22EF00911791 /* SudokuCollectionView.swift */ = {isa = PBXFileReference; lastKnownFileType = sourcecode.swift; path = SudokuCollectionView.swift; sourceTree = "<group>"; };
		80419EF429F06BFC00911791 /* DetailedTTTViewController.swift */ = {isa = PBXFileReference; lastKnownFileType = sourcecode.swift; path = DetailedTTTViewController.swift; sourceTree = "<group>"; };
		8043605129F43C820089CABF /* DetailedC4ViewController.swift */ = {isa = PBXFileReference; lastKnownFileType = sourcecode.swift; path = DetailedC4ViewController.swift; sourceTree = "<group>"; };
		8058296029A302D3000C76BE /* SudokuViewController.swift */ = {isa = PBXFileReference; lastKnownFileType = sourcecode.swift; path = SudokuViewController.swift; sourceTree = "<group>"; };
		8058296229A302E1000C76BE /* TicTacToeViewController.swift */ = {isa = PBXFileReference; lastKnownFileType = sourcecode.swift; path = TicTacToeViewController.swift; sourceTree = "<group>"; };
		80814CA829A55315001D53E6 /* FourInARowViewController.swift */ = {isa = PBXFileReference; lastKnownFileType = sourcecode.swift; path = FourInARowViewController.swift; sourceTree = "<group>"; };
		80814CAA29A5531F001D53E6 /* BoardCell.swift */ = {isa = PBXFileReference; lastKnownFileType = sourcecode.swift; path = BoardCell.swift; sourceTree = "<group>"; };
		80814CAC29A55691001D53E6 /* Board.swift */ = {isa = PBXFileReference; lastKnownFileType = sourcecode.swift; path = Board.swift; sourceTree = "<group>"; };
		80814CAE29A556B6001D53E6 /* BoardItem.swift */ = {isa = PBXFileReference; lastKnownFileType = sourcecode.swift; path = BoardItem.swift; sourceTree = "<group>"; };
		80814CB029A55811001D53E6 /* Turn.swift */ = {isa = PBXFileReference; lastKnownFileType = sourcecode.swift; path = Turn.swift; sourceTree = "<group>"; };
		80814CB329A6AA30001D53E6 /* CameraViewController.swift */ = {isa = PBXFileReference; lastKnownFileType = sourcecode.swift; path = CameraViewController.swift; sourceTree = "<group>"; };
		80AB957D29AC969B0015FCAA /* TicTacToeTurn.swift */ = {isa = PBXFileReference; lastKnownFileType = sourcecode.swift; path = TicTacToeTurn.swift; sourceTree = "<group>"; };
		80B4595A29AC09A200CD0EBE /* AuthenticationViewController.swift */ = {isa = PBXFileReference; lastKnownFileType = sourcecode.swift; path = AuthenticationViewController.swift; sourceTree = "<group>"; };
		80B4595E29AC148700CD0EBE /* GoogleService-Info.plist */ = {isa = PBXFileReference; fileEncoding = 4; lastKnownFileType = text.plist.xml; path = "GoogleService-Info.plist"; sourceTree = "<group>"; };
		80B4596129AC304400CD0EBE /* AnalysisViewController.swift */ = {isa = PBXFileReference; lastKnownFileType = sourcecode.swift; path = AnalysisViewController.swift; sourceTree = "<group>"; };
		80BC469A29D1597C001B89CB /* sudokuimage.jpeg */ = {isa = PBXFileReference; lastKnownFileType = image.jpeg; path = sudokuimage.jpeg; sourceTree = "<group>"; };
		80BC469C29D16A38001B89CB /* tictactoe.jpeg */ = {isa = PBXFileReference; lastKnownFileType = image.jpeg; path = tictactoe.jpeg; sourceTree = "<group>"; };
		80C3BB4829C7CEB300A38C02 /* AI.swift */ = {isa = PBXFileReference; lastKnownFileType = sourcecode.swift; path = AI.swift; sourceTree = "<group>"; };
		80CB3D3B29EE1C9200D4A54A /* DetailedSudokuViewController.swift */ = {isa = PBXFileReference; lastKnownFileType = sourcecode.swift; path = DetailedSudokuViewController.swift; sourceTree = "<group>"; };
		80D6E7BB29A6BA360098541A /* ScanViewController.swift */ = {isa = PBXFileReference; lastKnownFileType = sourcecode.swift; path = ScanViewController.swift; sourceTree = "<group>"; };
		80D6E7BD29A6CB380098541A /* GameSelectionViewController.swift */ = {isa = PBXFileReference; lastKnownFileType = sourcecode.swift; path = GameSelectionViewController.swift; sourceTree = "<group>"; };
		80E6B09129F5A4D500772542 /* Launch Screen.storyboard */ = {isa = PBXFileReference; lastKnownFileType = file.storyboard; path = "Launch Screen.storyboard"; sourceTree = "<group>"; };
		80E7047E29F5959D00AAF07B /* GomokuExtension.swift */ = {isa = PBXFileReference; lastKnownFileType = sourcecode.swift; path = GomokuExtension.swift; sourceTree = "<group>"; };
		80EF285229EC63BB00308024 /* RetrieveAnalysis.swift */ = {isa = PBXFileReference; lastKnownFileType = sourcecode.swift; path = RetrieveAnalysis.swift; sourceTree = "<group>"; };
		E56184B229906C39003E2B05 /* boredAI games.app */ = {isa = PBXFileReference; explicitFileType = wrapper.application; includeInIndex = 0; path = "boredAI games.app"; sourceTree = BUILT_PRODUCTS_DIR; };
		E56184B529906C39003E2B05 /* AppDelegate.swift */ = {isa = PBXFileReference; lastKnownFileType = sourcecode.swift; path = AppDelegate.swift; sourceTree = "<group>"; };
		E56184B729906C39003E2B05 /* SceneDelegate.swift */ = {isa = PBXFileReference; lastKnownFileType = sourcecode.swift; path = SceneDelegate.swift; sourceTree = "<group>"; };
		E56184B929906C39003E2B05 /* ViewController.swift */ = {isa = PBXFileReference; lastKnownFileType = sourcecode.swift; path = ViewController.swift; sourceTree = "<group>"; };
		E56184BC29906C39003E2B05 /* Base */ = {isa = PBXFileReference; lastKnownFileType = file.storyboard; name = Base; path = Base.lproj/Main.storyboard; sourceTree = "<group>"; };
		E56184BE29906C3B003E2B05 /* Assets.xcassets */ = {isa = PBXFileReference; lastKnownFileType = folder.assetcatalog; path = Assets.xcassets; sourceTree = "<group>"; };
		E56184C329906C3B003E2B05 /* Info.plist */ = {isa = PBXFileReference; lastKnownFileType = text.plist.xml; path = Info.plist; sourceTree = "<group>"; };
		E56184C829906C3C003E2B05 /* boredAI gamesTests.xctest */ = {isa = PBXFileReference; explicitFileType = wrapper.cfbundle; includeInIndex = 0; path = "boredAI gamesTests.xctest"; sourceTree = BUILT_PRODUCTS_DIR; };
		E56184CC29906C3C003E2B05 /* AI_GamesTests.swift */ = {isa = PBXFileReference; lastKnownFileType = sourcecode.swift; path = AI_GamesTests.swift; sourceTree = "<group>"; };
		E56184D229906C3C003E2B05 /* boredAI gamesUITests.xctest */ = {isa = PBXFileReference; explicitFileType = wrapper.cfbundle; includeInIndex = 0; path = "boredAI gamesUITests.xctest"; sourceTree = BUILT_PRODUCTS_DIR; };
		E56184D629906C3C003E2B05 /* AI_GamesUITests.swift */ = {isa = PBXFileReference; lastKnownFileType = sourcecode.swift; path = AI_GamesUITests.swift; sourceTree = "<group>"; };
		E56184D829906C3C003E2B05 /* AI_GamesUITestsLaunchTests.swift */ = {isa = PBXFileReference; lastKnownFileType = sourcecode.swift; path = AI_GamesUITestsLaunchTests.swift; sourceTree = "<group>"; };
		E59F7E9B29C8B325002F4C1E /* GomokuViewController.swift */ = {isa = PBXFileReference; lastKnownFileType = sourcecode.swift; path = GomokuViewController.swift; sourceTree = "<group>"; };
		E59F8D0129EDAC3700B92812 /* GomokuHeuristics.swift */ = {isa = PBXFileReference; lastKnownFileType = sourcecode.swift; path = GomokuHeuristics.swift; sourceTree = "<group>"; };
		E5A1F27929C94BD400AE1834 /* GomokuCell.swift */ = {isa = PBXFileReference; lastKnownFileType = sourcecode.swift; path = GomokuCell.swift; sourceTree = "<group>"; };
		E5A6400B29C8579100276B68 /* GomokuAI.swift */ = {isa = PBXFileReference; lastKnownFileType = sourcecode.swift; path = GomokuAI.swift; sourceTree = "<group>"; };
		E5A6400D29C857A500276B68 /* GomokuGameState.swift */ = {isa = PBXFileReference; lastKnownFileType = sourcecode.swift; path = GomokuGameState.swift; sourceTree = "<group>"; };
		E5BE501729AFBA47005849BF /* TicTacToeAI.swift */ = {isa = PBXFileReference; lastKnownFileType = sourcecode.swift; path = TicTacToeAI.swift; sourceTree = "<group>"; };
		E5BE501929AFC019005849BF /* TicTacToeGameState.swift */ = {isa = PBXFileReference; lastKnownFileType = sourcecode.swift; path = TicTacToeGameState.swift; sourceTree = "<group>"; };
/* End PBXFileReference section */

/* Begin PBXFrameworksBuildPhase section */
		E56184AF29906C39003E2B05 /* Frameworks */ = {
			isa = PBXFrameworksBuildPhase;
			buildActionMask = 2147483647;
			files = (
				80179F9229DA8F89006C58B8 /* FirebaseFirestoreSwift in Frameworks */,
				80179F9629DA8F89006C58B8 /* FirebaseInstallations in Frameworks */,
				80179F8C29DA8F89006C58B8 /* FirebaseDatabase in Frameworks */,
				80179F9C29DA8F89006C58B8 /* FirebaseStorage in Frameworks */,
				80179F9A29DA8F89006C58B8 /* FirebaseRemoteConfigSwift in Frameworks */,
				80179F9029DA8F89006C58B8 /* FirebaseFirestoreCombine-Community in Frameworks */,
				80179F9429DA8F89006C58B8 /* FirebaseFunctions in Frameworks */,
				80179F8A29DA8F89006C58B8 /* FirebaseAuth in Frameworks */,
				80179F8E29DA8F89006C58B8 /* FirebaseFirestore in Frameworks */,
				80179F9829DA8F89006C58B8 /* FirebaseRemoteConfig in Frameworks */,
			);
			runOnlyForDeploymentPostprocessing = 0;
		};
		E56184C529906C3C003E2B05 /* Frameworks */ = {
			isa = PBXFrameworksBuildPhase;
			buildActionMask = 2147483647;
			files = (
			);
			runOnlyForDeploymentPostprocessing = 0;
		};
		E56184CF29906C3C003E2B05 /* Frameworks */ = {
			isa = PBXFrameworksBuildPhase;
			buildActionMask = 2147483647;
			files = (
			);
			runOnlyForDeploymentPostprocessing = 0;
		};
/* End PBXFrameworksBuildPhase section */

/* Begin PBXGroup section */
		801CD9D629ED9CF500DD081F /* Profile */ = {
			isa = PBXGroup;
			children = (
				801CD9D729ED9D0000DD081F /* ProfileViewController.swift */,
				801CD9D929EDAD5700DD081F /* Profile.swift */,
			);
			path = Profile;
			sourceTree = "<group>";
		};
		80814CA729A552E9001D53E6 /* FourInARow */ = {
			isa = PBXGroup;
			children = (
				80814CA829A55315001D53E6 /* FourInARowViewController.swift */,
				80814CAA29A5531F001D53E6 /* BoardCell.swift */,
				80814CAC29A55691001D53E6 /* Board.swift */,
				80814CAE29A556B6001D53E6 /* BoardItem.swift */,
				80814CB029A55811001D53E6 /* Turn.swift */,
				80C3BB4829C7CEB300A38C02 /* AI.swift */,
				801CD9DB29EDB20500DD081F /* FourInARowData.swift */,
				801CD9DD29EDB2B700DD081F /* Extension.swift */,
			);
			path = FourInARow;
			sourceTree = "<group>";
		};
		80814CB229A6A981001D53E6 /* Image Capture */ = {
			isa = PBXGroup;
			children = (
				80814CB329A6AA30001D53E6 /* CameraViewController.swift */,
				80D6E7BB29A6BA360098541A /* ScanViewController.swift */,
			);
			path = "Image Capture";
			sourceTree = "<group>";
		};
		809564A229AD146E00461E6D /* Sudoku */ = {
			isa = PBXGroup;
			children = (
				8058296029A302D3000C76BE /* SudokuViewController.swift */,
				802F068229C83C6E0057CEE4 /* SudokuCell.swift */,
				80076A7029EC3D360045ADD9 /* Sudoku.swift */,
				80419EF229EF22EF00911791 /* SudokuCollectionView.swift */,
			);
			path = Sudoku;
			sourceTree = "<group>";
		};
		80AB957C29AC944F0015FCAA /* TicTacToe */ = {
			isa = PBXGroup;
			children = (
				8058296229A302E1000C76BE /* TicTacToeViewController.swift */,
				80AB957D29AC969B0015FCAA /* TicTacToeTurn.swift */,
				E5BE501929AFC019005849BF /* TicTacToeGameState.swift */,
				E5BE501729AFBA47005849BF /* TicTacToeAI.swift */,
			);
			path = TicTacToe;
			sourceTree = "<group>";
		};
		80B4595929AC098800CD0EBE /* Authentication */ = {
			isa = PBXGroup;
			children = (
				80B4595A29AC09A200CD0EBE /* AuthenticationViewController.swift */,
			);
			path = Authentication;
			sourceTree = "<group>";
		};
		80B4596029AC303100CD0EBE /* Analysis */ = {
			isa = PBXGroup;
			children = (
				80B4596129AC304400CD0EBE /* AnalysisViewController.swift */,
				80EF285229EC63BB00308024 /* RetrieveAnalysis.swift */,
				8043605129F43C820089CABF /* DetailedC4ViewController.swift */,
				80CB3D3B29EE1C9200D4A54A /* DetailedSudokuViewController.swift */,
				80419EF429F06BFC00911791 /* DetailedTTTViewController.swift */,
			);
			path = Analysis;
			sourceTree = "<group>";
		};
		80BC469929D15972001B89CB /* images */ = {
			isa = PBXGroup;
			children = (
				80BC469A29D1597C001B89CB /* sudokuimage.jpeg */,
				80BC469C29D16A38001B89CB /* tictactoe.jpeg */,
			);
			path = images;
			sourceTree = "<group>";
		};
		E56184A929906C39003E2B05 = {
			isa = PBXGroup;
			children = (
				E56184B429906C39003E2B05 /* boredAI games */,
				E56184CB29906C3C003E2B05 /* boredAI gamesTests */,
				E56184D529906C3C003E2B05 /* AI GamesUITests */,
				E56184B329906C39003E2B05 /* Products */,
			);
			sourceTree = "<group>";
		};
		E56184B329906C39003E2B05 /* Products */ = {
			isa = PBXGroup;
			children = (
				E56184B229906C39003E2B05 /* boredAI games.app */,
				E56184C829906C3C003E2B05 /* boredAI gamesTests.xctest */,
				E56184D229906C3C003E2B05 /* boredAI gamesUITests.xctest */,
			);
			name = Products;
			sourceTree = "<group>";
		};
		E56184B429906C39003E2B05 /* boredAI games */ = {
			isa = PBXGroup;
			children = (
				801CD9D629ED9CF500DD081F /* Profile */,
				80BC469929D15972001B89CB /* images */,
				80B4596029AC303100CD0EBE /* Analysis */,
				80B4595E29AC148700CD0EBE /* GoogleService-Info.plist */,
				80B4595929AC098800CD0EBE /* Authentication */,
				80814CB229A6A981001D53E6 /* Image Capture */,
				E5C23ACE29A37018005E0847 /* Games */,
				E56184B529906C39003E2B05 /* AppDelegate.swift */,
				E56184B729906C39003E2B05 /* SceneDelegate.swift */,
				E56184B929906C39003E2B05 /* ViewController.swift */,
				E56184BB29906C39003E2B05 /* Main.storyboard */,
				80E6B09129F5A4D500772542 /* Launch Screen.storyboard */,
				E56184BE29906C3B003E2B05 /* Assets.xcassets */,
				E56184C329906C3B003E2B05 /* Info.plist */,
			);
			path = "boredAI games";
			sourceTree = "<group>";
		};
		E56184CB29906C3C003E2B05 /* boredAI gamesTests */ = {
			isa = PBXGroup;
			children = (
				E56184CC29906C3C003E2B05 /* AI_GamesTests.swift */,
			);
			path = "boredAI gamesTests";
			sourceTree = "<group>";
		};
		E56184D529906C3C003E2B05 /* AI GamesUITests */ = {
			isa = PBXGroup;
			children = (
				E56184D629906C3C003E2B05 /* AI_GamesUITests.swift */,
				E56184D829906C3C003E2B05 /* AI_GamesUITestsLaunchTests.swift */,
			);
			path = "AI GamesUITests";
			sourceTree = "<group>";
		};
		E5A6400A29C8572000276B68 /* Gomoku */ = {
			isa = PBXGroup;
			children = (
				E59F7E9B29C8B325002F4C1E /* GomokuViewController.swift */,
				E5A6400D29C857A500276B68 /* GomokuGameState.swift */,
				E59F8D0129EDAC3700B92812 /* GomokuHeuristics.swift */,
				E5A6400B29C8579100276B68 /* GomokuAI.swift */,
				E5A1F27929C94BD400AE1834 /* GomokuCell.swift */,
				80E7047E29F5959D00AAF07B /* GomokuExtension.swift */,
			);
			path = Gomoku;
			sourceTree = "<group>";
		};
		E5C23ACE29A37018005E0847 /* Games */ = {
			isa = PBXGroup;
			children = (
				809564A229AD146E00461E6D /* Sudoku */,
				80AB957C29AC944F0015FCAA /* TicTacToe */,
				80814CA729A552E9001D53E6 /* FourInARow */,
				E5A6400A29C8572000276B68 /* Gomoku */,
				80D6E7BD29A6CB380098541A /* GameSelectionViewController.swift */,
			);
			path = Games;
			sourceTree = "<group>";
		};
/* End PBXGroup section */

/* Begin PBXNativeTarget section */
		E56184B129906C39003E2B05 /* boredAI games */ = {
			isa = PBXNativeTarget;
			buildConfigurationList = E56184DC29906C3C003E2B05 /* Build configuration list for PBXNativeTarget "boredAI games" */;
			buildPhases = (
				E56184AE29906C39003E2B05 /* Sources */,
				E56184AF29906C39003E2B05 /* Frameworks */,
				E56184B029906C39003E2B05 /* Resources */,
			);
			buildRules = (
			);
			dependencies = (
			);
			name = "boredAI games";
			packageProductDependencies = (
				80179F8929DA8F89006C58B8 /* FirebaseAuth */,
				80179F8B29DA8F89006C58B8 /* FirebaseDatabase */,
				80179F8D29DA8F89006C58B8 /* FirebaseFirestore */,
				80179F8F29DA8F89006C58B8 /* FirebaseFirestoreCombine-Community */,
				80179F9129DA8F89006C58B8 /* FirebaseFirestoreSwift */,
				80179F9329DA8F89006C58B8 /* FirebaseFunctions */,
				80179F9529DA8F89006C58B8 /* FirebaseInstallations */,
				80179F9729DA8F89006C58B8 /* FirebaseRemoteConfig */,
				80179F9929DA8F89006C58B8 /* FirebaseRemoteConfigSwift */,
				80179F9B29DA8F89006C58B8 /* FirebaseStorage */,
			);
			productName = "AI Games";
			productReference = E56184B229906C39003E2B05 /* boredAI games.app */;
			productType = "com.apple.product-type.application";
		};
		E56184C729906C3C003E2B05 /* boredAI gamesTests */ = {
			isa = PBXNativeTarget;
			buildConfigurationList = E56184DF29906C3C003E2B05 /* Build configuration list for PBXNativeTarget "boredAI gamesTests" */;
			buildPhases = (
				E56184C429906C3C003E2B05 /* Sources */,
				E56184C529906C3C003E2B05 /* Frameworks */,
				E56184C629906C3C003E2B05 /* Resources */,
			);
			buildRules = (
			);
			dependencies = (
				E56184CA29906C3C003E2B05 /* PBXTargetDependency */,
			);
			name = "boredAI gamesTests";
			productName = "AI GamesTests";
			productReference = E56184C829906C3C003E2B05 /* boredAI gamesTests.xctest */;
			productType = "com.apple.product-type.bundle.unit-test";
		};
		E56184D129906C3C003E2B05 /* boredAI gamesUITests */ = {
			isa = PBXNativeTarget;
			buildConfigurationList = E56184E229906C3C003E2B05 /* Build configuration list for PBXNativeTarget "boredAI gamesUITests" */;
			buildPhases = (
				E56184CE29906C3C003E2B05 /* Sources */,
				E56184CF29906C3C003E2B05 /* Frameworks */,
				E56184D029906C3C003E2B05 /* Resources */,
			);
			buildRules = (
			);
			dependencies = (
				E56184D429906C3C003E2B05 /* PBXTargetDependency */,
			);
			name = "boredAI gamesUITests";
			productName = "AI GamesUITests";
			productReference = E56184D229906C3C003E2B05 /* boredAI gamesUITests.xctest */;
			productType = "com.apple.product-type.bundle.ui-testing";
		};
/* End PBXNativeTarget section */

/* Begin PBXProject section */
		E56184AA29906C39003E2B05 /* Project object */ = {
			isa = PBXProject;
			attributes = {
				BuildIndependentTargetsInParallel = 1;
				LastSwiftUpdateCheck = 1340;
				LastUpgradeCheck = 1340;
				TargetAttributes = {
					E56184B129906C39003E2B05 = {
						CreatedOnToolsVersion = 13.4.1;
					};
					E56184C729906C3C003E2B05 = {
						CreatedOnToolsVersion = 13.4.1;
						TestTargetID = E56184B129906C39003E2B05;
					};
					E56184D129906C3C003E2B05 = {
						CreatedOnToolsVersion = 13.4.1;
						TestTargetID = E56184B129906C39003E2B05;
					};
				};
			};
			buildConfigurationList = E56184AD29906C39003E2B05 /* Build configuration list for PBXProject "boredAI games" */;
			compatibilityVersion = "Xcode 13.0";
			developmentRegion = en;
			hasScannedForEncodings = 0;
			knownRegions = (
				en,
				Base,
			);
			mainGroup = E56184A929906C39003E2B05;
			packageReferences = (
				80179F8829DA8F89006C58B8 /* XCRemoteSwiftPackageReference "firebase-ios-sdk" */,
			);
			productRefGroup = E56184B329906C39003E2B05 /* Products */;
			projectDirPath = "";
			projectRoot = "";
			targets = (
				E56184B129906C39003E2B05 /* boredAI games */,
				E56184C729906C3C003E2B05 /* boredAI gamesTests */,
				E56184D129906C3C003E2B05 /* boredAI gamesUITests */,
			);
		};
/* End PBXProject section */

/* Begin PBXResourcesBuildPhase section */
		E56184B029906C39003E2B05 /* Resources */ = {
			isa = PBXResourcesBuildPhase;
			buildActionMask = 2147483647;
			files = (
				80BC469D29D16A38001B89CB /* tictactoe.jpeg in Resources */,
				80BC469B29D1597C001B89CB /* sudokuimage.jpeg in Resources */,
				80B4595F29AC148700CD0EBE /* GoogleService-Info.plist in Resources */,
				E56184BF29906C3B003E2B05 /* Assets.xcassets in Resources */,
				E56184BD29906C39003E2B05 /* Main.storyboard in Resources */,
				80E6B09229F5A4D500772542 /* Launch Screen.storyboard in Resources */,
			);
			runOnlyForDeploymentPostprocessing = 0;
		};
		E56184C629906C3C003E2B05 /* Resources */ = {
			isa = PBXResourcesBuildPhase;
			buildActionMask = 2147483647;
			files = (
			);
			runOnlyForDeploymentPostprocessing = 0;
		};
		E56184D029906C3C003E2B05 /* Resources */ = {
			isa = PBXResourcesBuildPhase;
			buildActionMask = 2147483647;
			files = (
			);
			runOnlyForDeploymentPostprocessing = 0;
		};
/* End PBXResourcesBuildPhase section */

/* Begin PBXSourcesBuildPhase section */
		E56184AE29906C39003E2B05 /* Sources */ = {
			isa = PBXSourcesBuildPhase;
			buildActionMask = 2147483647;
			files = (
				80814CA929A55315001D53E6 /* FourInARowViewController.swift in Sources */,
				E59F8D0229EDAC3700B92812 /* GomokuHeuristics.swift in Sources */,
				80D6E7BE29A6CB380098541A /* GameSelectionViewController.swift in Sources */,
				80AB957E29AC969B0015FCAA /* TicTacToeTurn.swift in Sources */,
				80EF285329EC63BB00308024 /* RetrieveAnalysis.swift in Sources */,
				E5BE501A29AFC019005849BF /* TicTacToeGameState.swift in Sources */,
				80814CAD29A55691001D53E6 /* Board.swift in Sources */,
				80419EF529F06BFC00911791 /* DetailedTTTViewController.swift in Sources */,
				80814CB429A6AA30001D53E6 /* CameraViewController.swift in Sources */,
				E5A6400C29C8579100276B68 /* GomokuAI.swift in Sources */,
				80814CAF29A556B6001D53E6 /* BoardItem.swift in Sources */,
				E56184BA29906C39003E2B05 /* ViewController.swift in Sources */,
				8058296129A302D3000C76BE /* SudokuViewController.swift in Sources */,
				80814CAB29A5531F001D53E6 /* BoardCell.swift in Sources */,
				8043605229F43C820089CABF /* DetailedC4ViewController.swift in Sources */,
				802F068329C83C6E0057CEE4 /* SudokuCell.swift in Sources */,
				80B4595B29AC09A200CD0EBE /* AuthenticationViewController.swift in Sources */,
				E5A1F27A29C94BD400AE1834 /* GomokuCell.swift in Sources */,
				801CD9DE29EDB2B700DD081F /* Extension.swift in Sources */,
				8058296329A302E1000C76BE /* TicTacToeViewController.swift in Sources */,
				E56184B629906C39003E2B05 /* AppDelegate.swift in Sources */,
				801CD9DA29EDAD5700DD081F /* Profile.swift in Sources */,
				80076A7129EC3D360045ADD9 /* Sudoku.swift in Sources */,
				801CD9D829ED9D0000DD081F /* ProfileViewController.swift in Sources */,
				80C3BB4929C7CEB300A38C02 /* AI.swift in Sources */,
				E59F7E9C29C8B325002F4C1E /* GomokuViewController.swift in Sources */,
				80B4596229AC304400CD0EBE /* AnalysisViewController.swift in Sources */,
				80E7047F29F5959D00AAF07B /* GomokuExtension.swift in Sources */,
				801CD9DC29EDB20500DD081F /* FourInARowData.swift in Sources */,
				E5BE501829AFBA47005849BF /* TicTacToeAI.swift in Sources */,
				80814CB129A55811001D53E6 /* Turn.swift in Sources */,
				E5A6400E29C857A500276B68 /* GomokuGameState.swift in Sources */,
				E56184B829906C39003E2B05 /* SceneDelegate.swift in Sources */,
				80D6E7BC29A6BA360098541A /* ScanViewController.swift in Sources */,
				80419EF329EF22EF00911791 /* SudokuCollectionView.swift in Sources */,
				80CB3D3C29EE1C9200D4A54A /* DetailedSudokuViewController.swift in Sources */,
			);
			runOnlyForDeploymentPostprocessing = 0;
		};
		E56184C429906C3C003E2B05 /* Sources */ = {
			isa = PBXSourcesBuildPhase;
			buildActionMask = 2147483647;
			files = (
				E56184CD29906C3C003E2B05 /* AI_GamesTests.swift in Sources */,
			);
			runOnlyForDeploymentPostprocessing = 0;
		};
		E56184CE29906C3C003E2B05 /* Sources */ = {
			isa = PBXSourcesBuildPhase;
			buildActionMask = 2147483647;
			files = (
				E56184D929906C3C003E2B05 /* AI_GamesUITestsLaunchTests.swift in Sources */,
				E56184D729906C3C003E2B05 /* AI_GamesUITests.swift in Sources */,
			);
			runOnlyForDeploymentPostprocessing = 0;
		};
/* End PBXSourcesBuildPhase section */

/* Begin PBXTargetDependency section */
		E56184CA29906C3C003E2B05 /* PBXTargetDependency */ = {
			isa = PBXTargetDependency;
			target = E56184B129906C39003E2B05 /* boredAI games */;
			targetProxy = E56184C929906C3C003E2B05 /* PBXContainerItemProxy */;
		};
		E56184D429906C3C003E2B05 /* PBXTargetDependency */ = {
			isa = PBXTargetDependency;
			target = E56184B129906C39003E2B05 /* boredAI games */;
			targetProxy = E56184D329906C3C003E2B05 /* PBXContainerItemProxy */;
		};
/* End PBXTargetDependency section */

/* Begin PBXVariantGroup section */
		E56184BB29906C39003E2B05 /* Main.storyboard */ = {
			isa = PBXVariantGroup;
			children = (
				E56184BC29906C39003E2B05 /* Base */,
			);
			name = Main.storyboard;
			sourceTree = "<group>";
		};
/* End PBXVariantGroup section */

/* Begin XCBuildConfiguration section */
		E56184DA29906C3C003E2B05 /* Debug */ = {
			isa = XCBuildConfiguration;
			buildSettings = {
				ALWAYS_SEARCH_USER_PATHS = NO;
				CLANG_ANALYZER_NONNULL = YES;
				CLANG_ANALYZER_NUMBER_OBJECT_CONVERSION = YES_AGGRESSIVE;
				CLANG_CXX_LANGUAGE_STANDARD = "gnu++17";
				CLANG_ENABLE_MODULES = YES;
				CLANG_ENABLE_OBJC_ARC = YES;
				CLANG_ENABLE_OBJC_WEAK = YES;
				CLANG_WARN_BLOCK_CAPTURE_AUTORELEASING = YES;
				CLANG_WARN_BOOL_CONVERSION = YES;
				CLANG_WARN_COMMA = YES;
				CLANG_WARN_CONSTANT_CONVERSION = YES;
				CLANG_WARN_DEPRECATED_OBJC_IMPLEMENTATIONS = YES;
				CLANG_WARN_DIRECT_OBJC_ISA_USAGE = YES_ERROR;
				CLANG_WARN_DOCUMENTATION_COMMENTS = YES;
				CLANG_WARN_EMPTY_BODY = YES;
				CLANG_WARN_ENUM_CONVERSION = YES;
				CLANG_WARN_INFINITE_RECURSION = YES;
				CLANG_WARN_INT_CONVERSION = YES;
				CLANG_WARN_NON_LITERAL_NULL_CONVERSION = YES;
				CLANG_WARN_OBJC_IMPLICIT_RETAIN_SELF = YES;
				CLANG_WARN_OBJC_LITERAL_CONVERSION = YES;
				CLANG_WARN_OBJC_ROOT_CLASS = YES_ERROR;
				CLANG_WARN_QUOTED_INCLUDE_IN_FRAMEWORK_HEADER = YES;
				CLANG_WARN_RANGE_LOOP_ANALYSIS = YES;
				CLANG_WARN_STRICT_PROTOTYPES = YES;
				CLANG_WARN_SUSPICIOUS_MOVE = YES;
				CLANG_WARN_UNGUARDED_AVAILABILITY = YES_AGGRESSIVE;
				CLANG_WARN_UNREACHABLE_CODE = YES;
				CLANG_WARN__DUPLICATE_METHOD_MATCH = YES;
				COPY_PHASE_STRIP = NO;
				DEBUG_INFORMATION_FORMAT = dwarf;
				ENABLE_STRICT_OBJC_MSGSEND = YES;
				ENABLE_TESTABILITY = YES;
				GCC_C_LANGUAGE_STANDARD = gnu11;
				GCC_DYNAMIC_NO_PIC = NO;
				GCC_NO_COMMON_BLOCKS = YES;
				GCC_OPTIMIZATION_LEVEL = 0;
				GCC_PREPROCESSOR_DEFINITIONS = (
					"DEBUG=1",
					"$(inherited)",
				);
				GCC_WARN_64_TO_32_BIT_CONVERSION = YES;
				GCC_WARN_ABOUT_RETURN_TYPE = YES_ERROR;
				GCC_WARN_UNDECLARED_SELECTOR = YES;
				GCC_WARN_UNINITIALIZED_AUTOS = YES_AGGRESSIVE;
				GCC_WARN_UNUSED_FUNCTION = YES;
				GCC_WARN_UNUSED_VARIABLE = YES;
				IPHONEOS_DEPLOYMENT_TARGET = 15.5;
				MTL_ENABLE_DEBUG_INFO = INCLUDE_SOURCE;
				MTL_FAST_MATH = YES;
				ONLY_ACTIVE_ARCH = YES;
				OTHER_CODE_SIGN_FLAGS = "--deep";
				SDKROOT = iphoneos;
				SWIFT_ACTIVE_COMPILATION_CONDITIONS = DEBUG;
				SWIFT_OPTIMIZATION_LEVEL = "-Onone";
			};
			name = Debug;
		};
		E56184DB29906C3C003E2B05 /* Release */ = {
			isa = XCBuildConfiguration;
			buildSettings = {
				ALWAYS_SEARCH_USER_PATHS = NO;
				CLANG_ANALYZER_NONNULL = YES;
				CLANG_ANALYZER_NUMBER_OBJECT_CONVERSION = YES_AGGRESSIVE;
				CLANG_CXX_LANGUAGE_STANDARD = "gnu++17";
				CLANG_ENABLE_MODULES = YES;
				CLANG_ENABLE_OBJC_ARC = YES;
				CLANG_ENABLE_OBJC_WEAK = YES;
				CLANG_WARN_BLOCK_CAPTURE_AUTORELEASING = YES;
				CLANG_WARN_BOOL_CONVERSION = YES;
				CLANG_WARN_COMMA = YES;
				CLANG_WARN_CONSTANT_CONVERSION = YES;
				CLANG_WARN_DEPRECATED_OBJC_IMPLEMENTATIONS = YES;
				CLANG_WARN_DIRECT_OBJC_ISA_USAGE = YES_ERROR;
				CLANG_WARN_DOCUMENTATION_COMMENTS = YES;
				CLANG_WARN_EMPTY_BODY = YES;
				CLANG_WARN_ENUM_CONVERSION = YES;
				CLANG_WARN_INFINITE_RECURSION = YES;
				CLANG_WARN_INT_CONVERSION = YES;
				CLANG_WARN_NON_LITERAL_NULL_CONVERSION = YES;
				CLANG_WARN_OBJC_IMPLICIT_RETAIN_SELF = YES;
				CLANG_WARN_OBJC_LITERAL_CONVERSION = YES;
				CLANG_WARN_OBJC_ROOT_CLASS = YES_ERROR;
				CLANG_WARN_QUOTED_INCLUDE_IN_FRAMEWORK_HEADER = YES;
				CLANG_WARN_RANGE_LOOP_ANALYSIS = YES;
				CLANG_WARN_STRICT_PROTOTYPES = YES;
				CLANG_WARN_SUSPICIOUS_MOVE = YES;
				CLANG_WARN_UNGUARDED_AVAILABILITY = YES_AGGRESSIVE;
				CLANG_WARN_UNREACHABLE_CODE = YES;
				CLANG_WARN__DUPLICATE_METHOD_MATCH = YES;
				COPY_PHASE_STRIP = NO;
				DEBUG_INFORMATION_FORMAT = "dwarf-with-dsym";
				ENABLE_NS_ASSERTIONS = NO;
				ENABLE_STRICT_OBJC_MSGSEND = YES;
				GCC_C_LANGUAGE_STANDARD = gnu11;
				GCC_NO_COMMON_BLOCKS = YES;
				GCC_WARN_64_TO_32_BIT_CONVERSION = YES;
				GCC_WARN_ABOUT_RETURN_TYPE = YES_ERROR;
				GCC_WARN_UNDECLARED_SELECTOR = YES;
				GCC_WARN_UNINITIALIZED_AUTOS = YES_AGGRESSIVE;
				GCC_WARN_UNUSED_FUNCTION = YES;
				GCC_WARN_UNUSED_VARIABLE = YES;
				IPHONEOS_DEPLOYMENT_TARGET = 15.5;
				MTL_ENABLE_DEBUG_INFO = NO;
				MTL_FAST_MATH = YES;
				OTHER_CODE_SIGN_FLAGS = "--deep";
				SDKROOT = iphoneos;
				SWIFT_COMPILATION_MODE = wholemodule;
				SWIFT_OPTIMIZATION_LEVEL = "-O";
				VALIDATE_PRODUCT = YES;
			};
			name = Release;
		};
		E56184DD29906C3C003E2B05 /* Debug */ = {
			isa = XCBuildConfiguration;
			buildSettings = {
				ASSETCATALOG_COMPILER_APPICON_NAME = AppIcon;
				ASSETCATALOG_COMPILER_GLOBAL_ACCENT_COLOR_NAME = AccentColor;
				CODE_SIGN_STYLE = Automatic;
				CURRENT_PROJECT_VERSION = 1;
				DEVELOPMENT_TEAM = 5H45M94LR2;
				GENERATE_INFOPLIST_FILE = YES;
				INFOPLIST_FILE = "boredAI games/Info.plist";
				INFOPLIST_KEY_CFBundleDisplayName = "boredAI games";
				INFOPLIST_KEY_NSCameraUsageDescription = Access;
				INFOPLIST_KEY_UIApplicationSupportsIndirectInputEvents = YES;
				INFOPLIST_KEY_UILaunchStoryboardName = "Launch Screen.storyboard";
				INFOPLIST_KEY_UIMainStoryboardFile = Main;
				INFOPLIST_KEY_UIRequiresFullScreen = YES;
				INFOPLIST_KEY_UISupportedInterfaceOrientations_iPad = "UIInterfaceOrientationPortrait UIInterfaceOrientationPortraitUpsideDown UIInterfaceOrientationLandscapeLeft UIInterfaceOrientationLandscapeRight";
				INFOPLIST_KEY_UISupportedInterfaceOrientations_iPhone = "UIInterfaceOrientationPortrait UIInterfaceOrientationLandscapeLeft UIInterfaceOrientationLandscapeRight";
				LD_RUNPATH_SEARCH_PATHS = (
					"$(inherited)",
					"@executable_path/Frameworks",
				);
				MARKETING_VERSION = 1.0;
				PRODUCT_BUNDLE_IDENTIFIER = "wustl.AI-Games";
				PRODUCT_NAME = "$(TARGET_NAME)";
				SWIFT_EMIT_LOC_STRINGS = YES;
				SWIFT_VERSION = 5.0;
				TARGETED_DEVICE_FAMILY = "1,2";
			};
			name = Debug;
		};
		E56184DE29906C3C003E2B05 /* Release */ = {
			isa = XCBuildConfiguration;
			buildSettings = {
				ASSETCATALOG_COMPILER_APPICON_NAME = AppIcon;
				ASSETCATALOG_COMPILER_GLOBAL_ACCENT_COLOR_NAME = AccentColor;
				CODE_SIGN_STYLE = Automatic;
				CURRENT_PROJECT_VERSION = 1;
				DEVELOPMENT_TEAM = 5H45M94LR2;
				GENERATE_INFOPLIST_FILE = YES;
				INFOPLIST_FILE = "boredAI games/Info.plist";
				INFOPLIST_KEY_CFBundleDisplayName = "boredAI games";
				INFOPLIST_KEY_NSCameraUsageDescription = Access;
				INFOPLIST_KEY_UIApplicationSupportsIndirectInputEvents = YES;
				INFOPLIST_KEY_UILaunchStoryboardName = "Launch Screen.storyboard";
				INFOPLIST_KEY_UIMainStoryboardFile = Main;
				INFOPLIST_KEY_UIRequiresFullScreen = YES;
				INFOPLIST_KEY_UISupportedInterfaceOrientations_iPad = "UIInterfaceOrientationPortrait UIInterfaceOrientationPortraitUpsideDown UIInterfaceOrientationLandscapeLeft UIInterfaceOrientationLandscapeRight";
				INFOPLIST_KEY_UISupportedInterfaceOrientations_iPhone = "UIInterfaceOrientationPortrait UIInterfaceOrientationLandscapeLeft UIInterfaceOrientationLandscapeRight";
				LD_RUNPATH_SEARCH_PATHS = (
					"$(inherited)",
					"@executable_path/Frameworks",
				);
				MARKETING_VERSION = 1.0;
				PRODUCT_BUNDLE_IDENTIFIER = "wustl.AI-Games";
				PRODUCT_NAME = "$(TARGET_NAME)";
				SWIFT_EMIT_LOC_STRINGS = YES;
				SWIFT_VERSION = 5.0;
				TARGETED_DEVICE_FAMILY = "1,2";
			};
			name = Release;
		};
		E56184E029906C3C003E2B05 /* Debug */ = {
			isa = XCBuildConfiguration;
			buildSettings = {
				ALWAYS_EMBED_SWIFT_STANDARD_LIBRARIES = YES;
				BUNDLE_LOADER = "$(TEST_HOST)";
				CODE_SIGN_STYLE = Automatic;
				CURRENT_PROJECT_VERSION = 1;
				GENERATE_INFOPLIST_FILE = YES;
				IPHONEOS_DEPLOYMENT_TARGET = 15.5;
				MARKETING_VERSION = 1.0;
				PRODUCT_BUNDLE_IDENTIFIER = "wustl.AI-GamesTests";
				PRODUCT_NAME = "$(TARGET_NAME)";
				SWIFT_EMIT_LOC_STRINGS = NO;
				SWIFT_VERSION = 5.0;
				TARGETED_DEVICE_FAMILY = "1,2";
				TEST_HOST = "$(BUILT_PRODUCTS_DIR)/boredAI games.app/boredAI games";
			};
			name = Debug;
		};
		E56184E129906C3C003E2B05 /* Release */ = {
			isa = XCBuildConfiguration;
			buildSettings = {
				ALWAYS_EMBED_SWIFT_STANDARD_LIBRARIES = YES;
				BUNDLE_LOADER = "$(TEST_HOST)";
				CODE_SIGN_STYLE = Automatic;
				CURRENT_PROJECT_VERSION = 1;
				GENERATE_INFOPLIST_FILE = YES;
				IPHONEOS_DEPLOYMENT_TARGET = 15.5;
				MARKETING_VERSION = 1.0;
				PRODUCT_BUNDLE_IDENTIFIER = "wustl.AI-GamesTests";
				PRODUCT_NAME = "$(TARGET_NAME)";
				SWIFT_EMIT_LOC_STRINGS = NO;
				SWIFT_VERSION = 5.0;
				TARGETED_DEVICE_FAMILY = "1,2";
				TEST_HOST = "$(BUILT_PRODUCTS_DIR)/boredAI games.app/boredAI games";
			};
			name = Release;
		};
		E56184E329906C3C003E2B05 /* Debug */ = {
			isa = XCBuildConfiguration;
			buildSettings = {
				ALWAYS_EMBED_SWIFT_STANDARD_LIBRARIES = YES;
				CODE_SIGN_STYLE = Automatic;
				CURRENT_PROJECT_VERSION = 1;
				GENERATE_INFOPLIST_FILE = YES;
				MARKETING_VERSION = 1.0;
				PRODUCT_BUNDLE_IDENTIFIER = "wustl.AI-GamesUITests";
				PRODUCT_NAME = "$(TARGET_NAME)";
				SWIFT_EMIT_LOC_STRINGS = NO;
				SWIFT_VERSION = 5.0;
				TARGETED_DEVICE_FAMILY = "1,2";
				TEST_TARGET_NAME = "AI Games";
			};
			name = Debug;
		};
		E56184E429906C3C003E2B05 /* Release */ = {
			isa = XCBuildConfiguration;
			buildSettings = {
				ALWAYS_EMBED_SWIFT_STANDARD_LIBRARIES = YES;
				CODE_SIGN_STYLE = Automatic;
				CURRENT_PROJECT_VERSION = 1;
				GENERATE_INFOPLIST_FILE = YES;
				MARKETING_VERSION = 1.0;
				PRODUCT_BUNDLE_IDENTIFIER = "wustl.AI-GamesUITests";
				PRODUCT_NAME = "$(TARGET_NAME)";
				SWIFT_EMIT_LOC_STRINGS = NO;
				SWIFT_VERSION = 5.0;
				TARGETED_DEVICE_FAMILY = "1,2";
				TEST_TARGET_NAME = "AI Games";
			};
			name = Release;
		};
/* End XCBuildConfiguration section */

/* Begin XCConfigurationList section */
		E56184AD29906C39003E2B05 /* Build configuration list for PBXProject "boredAI games" */ = {
			isa = XCConfigurationList;
			buildConfigurations = (
				E56184DA29906C3C003E2B05 /* Debug */,
				E56184DB29906C3C003E2B05 /* Release */,
			);
			defaultConfigurationIsVisible = 0;
			defaultConfigurationName = Release;
		};
		E56184DC29906C3C003E2B05 /* Build configuration list for PBXNativeTarget "boredAI games" */ = {
			isa = XCConfigurationList;
			buildConfigurations = (
				E56184DD29906C3C003E2B05 /* Debug */,
				E56184DE29906C3C003E2B05 /* Release */,
			);
			defaultConfigurationIsVisible = 0;
			defaultConfigurationName = Release;
		};
		E56184DF29906C3C003E2B05 /* Build configuration list for PBXNativeTarget "boredAI gamesTests" */ = {
			isa = XCConfigurationList;
			buildConfigurations = (
				E56184E029906C3C003E2B05 /* Debug */,
				E56184E129906C3C003E2B05 /* Release */,
			);
			defaultConfigurationIsVisible = 0;
			defaultConfigurationName = Release;
		};
		E56184E229906C3C003E2B05 /* Build configuration list for PBXNativeTarget "boredAI gamesUITests" */ = {
			isa = XCConfigurationList;
			buildConfigurations = (
				E56184E329906C3C003E2B05 /* Debug */,
				E56184E429906C3C003E2B05 /* Release */,
			);
			defaultConfigurationIsVisible = 0;
			defaultConfigurationName = Release;
		};
/* End XCConfigurationList section */

/* Begin XCRemoteSwiftPackageReference section */
		80179F8829DA8F89006C58B8 /* XCRemoteSwiftPackageReference "firebase-ios-sdk" */ = {
			isa = XCRemoteSwiftPackageReference;
			repositoryURL = "https://github.com/firebase/firebase-ios-sdk.git";
			requirement = {
				branch = master;
				kind = branch;
			};
		};
/* End XCRemoteSwiftPackageReference section */

/* Begin XCSwiftPackageProductDependency section */
		80179F8929DA8F89006C58B8 /* FirebaseAuth */ = {
			isa = XCSwiftPackageProductDependency;
			package = 80179F8829DA8F89006C58B8 /* XCRemoteSwiftPackageReference "firebase-ios-sdk" */;
			productName = FirebaseAuth;
		};
		80179F8B29DA8F89006C58B8 /* FirebaseDatabase */ = {
			isa = XCSwiftPackageProductDependency;
			package = 80179F8829DA8F89006C58B8 /* XCRemoteSwiftPackageReference "firebase-ios-sdk" */;
			productName = FirebaseDatabase;
		};
		80179F8D29DA8F89006C58B8 /* FirebaseFirestore */ = {
			isa = XCSwiftPackageProductDependency;
			package = 80179F8829DA8F89006C58B8 /* XCRemoteSwiftPackageReference "firebase-ios-sdk" */;
			productName = FirebaseFirestore;
		};
		80179F8F29DA8F89006C58B8 /* FirebaseFirestoreCombine-Community */ = {
			isa = XCSwiftPackageProductDependency;
			package = 80179F8829DA8F89006C58B8 /* XCRemoteSwiftPackageReference "firebase-ios-sdk" */;
			productName = "FirebaseFirestoreCombine-Community";
		};
		80179F9129DA8F89006C58B8 /* FirebaseFirestoreSwift */ = {
			isa = XCSwiftPackageProductDependency;
			package = 80179F8829DA8F89006C58B8 /* XCRemoteSwiftPackageReference "firebase-ios-sdk" */;
			productName = FirebaseFirestoreSwift;
		};
		80179F9329DA8F89006C58B8 /* FirebaseFunctions */ = {
			isa = XCSwiftPackageProductDependency;
			package = 80179F8829DA8F89006C58B8 /* XCRemoteSwiftPackageReference "firebase-ios-sdk" */;
			productName = FirebaseFunctions;
		};
		80179F9529DA8F89006C58B8 /* FirebaseInstallations */ = {
			isa = XCSwiftPackageProductDependency;
			package = 80179F8829DA8F89006C58B8 /* XCRemoteSwiftPackageReference "firebase-ios-sdk" */;
			productName = FirebaseInstallations;
		};
		80179F9729DA8F89006C58B8 /* FirebaseRemoteConfig */ = {
			isa = XCSwiftPackageProductDependency;
			package = 80179F8829DA8F89006C58B8 /* XCRemoteSwiftPackageReference "firebase-ios-sdk" */;
			productName = FirebaseRemoteConfig;
		};
		80179F9929DA8F89006C58B8 /* FirebaseRemoteConfigSwift */ = {
			isa = XCSwiftPackageProductDependency;
			package = 80179F8829DA8F89006C58B8 /* XCRemoteSwiftPackageReference "firebase-ios-sdk" */;
			productName = FirebaseRemoteConfigSwift;
		};
		80179F9B29DA8F89006C58B8 /* FirebaseStorage */ = {
			isa = XCSwiftPackageProductDependency;
			package = 80179F8829DA8F89006C58B8 /* XCRemoteSwiftPackageReference "firebase-ios-sdk" */;
			productName = FirebaseStorage;
		};
/* End XCSwiftPackageProductDependency section */
	};
	rootObject = E56184AA29906C39003E2B05 /* Project object */;
}
